{
  "name": "mortgage",
  "lockfileVersion": 2,
  "requires": true,
  "packages": {
    "": {
      "dependencies": {
        "miniprogram-recycle-view": "^0.1.5",
        "tdesign-miniprogram": "^1.1.7"
      }
    },
    "node_modules/miniprogram-recycle-view": {
      "version": "0.1.5",
      "resolved": "https://registry.npmmirror.com/miniprogram-recycle-view/-/miniprogram-recycle-view-0.1.5.tgz",
      "integrity": "sha512-Pfm/u+jfg+b5zDhjXqm7QbR9IuViqX8JyzcHDgr6Zw9wSK0wmbXNzscA1WoSnGP5Z2nG2TIqtiNXvEbvsyrxXA=="
    },
    "node_modules/tdesign-miniprogram": {
      "version": "1.1.9",
      "resolved": "https://registry.npmmirror.com/tdesign-miniprogram/-/tdesign-miniprogram-1.1.9.tgz",
      "integrity": "sha512-RMeDzFNvbgwvaNnNwcpKQP+HFDm3k7jISNnc9w1TIBdzoxNFcX+NCZyK5M68KS3UjuGyAG8AsJiQdYbWkzsJ/Q==",
      "dependencies": {
        "dayjs": "^1.10.7"
      }
    },
    "node_modules/tdesign-miniprogram/node_modules/dayjs": {
      "version": "1.11.8",
      "resolved": "https://registry.npmmirror.com/dayjs/-/dayjs-1.11.8.tgz",
      "integrity": "sha512-LcgxzFoWMEPO7ggRv1Y2N31hUf2R0Vj7fuy/m+Bg1K8rr+KAs1AEy4y9jd5DXe8pbHgX+srkHNS7TH6Q6ZhYeQ=="
    }
  },
  "dependencies": {
    "miniprogram-recycle-view": {
      "version": "0.1.5",
      "resolved": "https://registry.npmmirror.com/miniprogram-recycle-view/-/miniprogram-recycle-view-0.1.5.tgz",
      "integrity": "sha512-Pfm/u+jfg+b5zDhjXqm7QbR9IuViqX8JyzcHDgr6Zw9wSK0wmbXNzscA1WoSnGP5Z2nG2TIqtiNXvEbvsyrxXA=="
    },
    "tdesign-miniprogram": {
      "version": "1.1.9",
      "resolved": "https://registry.npmmirror.com/tdesign-miniprogram/-/tdesign-miniprogram-1.1.9.tgz",
      "integrity": "sha512-RMeDzFNvbgwvaNnNwcpKQP+HFDm3k7jISNnc9w1TIBdzoxNFcX+NCZyK5M68KS3UjuGyAG8AsJiQdYbWkzsJ/Q==",
      "requires": {
        "dayjs": "^1.10.7"
      },
      "dependencies": {
        "dayjs": {
          "version": "1.11.8",
          "resolved": "https://registry.npmmirror.com/dayjs/-/dayjs-1.11.8.tgz",
          "integrity": "sha512-LcgxzFoWMEPO7ggRv1Y2N31hUf2R0Vj7fuy/m+Bg1K8rr+KAs1AEy4y9jd5DXe8pbHgX+srkHNS7TH6Q6ZhYeQ=="
        }
      }
    }
  }
}
